
Microsoft Visual Studio Solution File, Format Version 12.00
# Visual Studio Version 16
VisualStudioVersion = 16.0.28803.202
MinimumVisualStudioVersion = 10.0.40219.1
Project("{FAE04EC0-301F-11D3-BF4B-00C04F79EFBC}") = "PhotoFramePlugin.View", "PhotoFramePlugin.View\PhotoFramePlugin.View.csproj", "{59E99471-9687-4135-AD34-6B0C139CD465}"
EndProject
Project("{FAE04EC0-301F-11D3-BF4B-00C04F79EFBC}") = "PhotoFramePlugin.Model", "PhotoFramePlugin.Model\PhotoFramePlugin.Model.csproj", "{E43B3CF0-132F-49D8-8547-E6085A8B53DD}"
EndProject
Project("{FAE04EC0-301F-11D3-BF4B-00C04F79EFBC}") = "PhotoFramePlugin.Wrapper", "PhotoFramePlugin.Wrapper\PhotoFramePlugin.Wrapper.csproj", "{7CA586B2-FD5C-47A9-9631-59F50FB1610B}"
EndProject
Project("{FAE04EC0-301F-11D3-BF4B-00C04F79EFBC}") = "PhotoFramePlugin.Model.UnitTests", "Testing\PhotoFramePlugin.Model.UnitTests\PhotoFramePlugin.Model.UnitTests.csproj", "{63E79633-2B60-4E62-A7C8-A40E57A95BBC}"
EndProject
Project("{FAE04EC0-301F-11D3-BF4B-00C04F79EFBC}") = "PhotoFramePlugin.StressTesting", "StressTesting\PhotoFramePlugin.StressTesting\PhotoFramePlugin.StressTesting.csproj", "{D130495E-4E64-4745-9E3B-79398C228DF0}"
EndProject
Global
	GlobalSection(SolutionConfigurationPlatforms) = preSolution
		Debug|Any CPU = Debug|Any CPU
		Release|Any CPU = Release|Any CPU
	EndGlobalSection
	GlobalSection(ProjectConfigurationPlatforms) = postSolution
		{59E99471-9687-4135-AD34-6B0C139CD465}.Debug|Any CPU.ActiveCfg = Debug|Any CPU
		{59E99471-9687-4135-AD34-6B0C139CD465}.Debug|Any CPU.Build.0 = Debug|Any CPU
		{59E99471-9687-4135-AD34-6B0C139CD465}.Release|Any CPU.ActiveCfg = Release|Any CPU
		{59E99471-9687-4135-AD34-6B0C139CD465}.Release|Any CPU.Build.0 = Release|Any CPU
		{E43B3CF0-132F-49D8-8547-E6085A8B53DD}.Debug|Any CPU.ActiveCfg = Debug|Any CPU
		{E43B3CF0-132F-49D8-8547-E6085A8B53DD}.Debug|Any CPU.Build.0 = Debug|Any CPU
		{E43B3CF0-132F-49D8-8547-E6085A8B53DD}.Release|Any CPU.ActiveCfg = Release|Any CPU
		{E43B3CF0-132F-49D8-8547-E6085A8B53DD}.Release|Any CPU.Build.0 = Release|Any CPU
		{7CA586B2-FD5C-47A9-9631-59F50FB1610B}.Debug|Any CPU.ActiveCfg = Debug|Any CPU
		{7CA586B2-FD5C-47A9-9631-59F50FB1610B}.Debug|Any CPU.Build.0 = Debug|Any CPU
		{7CA586B2-FD5C-47A9-9631-59F50FB1610B}.Release|Any CPU.ActiveCfg = Release|Any CPU
		{7CA586B2-FD5C-47A9-9631-59F50FB1610B}.Release|Any CPU.Build.0 = Release|Any CPU
		{63E79633-2B60-4E62-A7C8-A40E57A95BBC}.Debug|Any CPU.ActiveCfg = Debug|Any CPU
		{63E79633-2B60-4E62-A7C8-A40E57A95BBC}.Debug|Any CPU.Build.0 = Debug|Any CPU
		{63E79633-2B60-4E62-A7C8-A40E57A95BBC}.Release|Any CPU.ActiveCfg = Release|Any CPU
		{63E79633-2B60-4E62-A7C8-A40E57A95BBC}.Release|Any CPU.Build.0 = Release|Any CPU
		{D130495E-4E64-4745-9E3B-79398C228DF0}.Debug|Any CPU.ActiveCfg = Debug|Any CPU
		{D130495E-4E64-4745-9E3B-79398C228DF0}.Debug|Any CPU.Build.0 = Debug|Any CPU
		{D130495E-4E64-4745-9E3B-79398C228DF0}.Release|Any CPU.ActiveCfg = Release|Any CPU
		{D130495E-4E64-4745-9E3B-79398C228DF0}.Release|Any CPU.Build.0 = Release|Any CPU
	EndGlobalSection
	GlobalSection(SolutionProperties) = preSolution
		HideSolutionNode = FALSE
	EndGlobalSection
	GlobalSection(ExtensibilityGlobals) = postSolution
		SolutionGuid = {D4FE6FB3-B002-4CEC-A825-0F40760C02C5}
	EndGlobalSection
EndGlobal
